{"1.1.0",
[{<<"bear">>,{pkg,<<"bear">>,<<"0.8.7">>},1},
 {<<"folsom">>,{pkg,<<"folsom">>,<<"0.8.8">>},0},
 {<<"getopt">>,{pkg,<<"getopt">>,<<"0.8.2">>},0},
 {<<"jsx">>,{pkg,<<"jsx">>,<<"2.11.0">>},0},
 {<<"pipesock">>,
  {git,"https://github.com/ergl/pipesock.git",
       {ref,"0bde8134bf0152dca714b4de1f248c9dc73a1d34"}},
  1},
 {<<"pvc">>,
  {git,"https://github.com/ergl/pvc.git",
       {ref,"92d4a03097cd0d29e35ec3d2f1cddd86682c2049"}},
  0},
 {<<"pvc_proto">>,
  {git,"https://github.com/ergl/pvc_proto.git",
       {ref,"08ef18af4dcd896b6557be6daf65eb89d8fa44d7"}},
  0},
 {<<"pvc_types">>,
  {git,"https://github.com/ergl/pvc_types.git",
       {ref,"f9f34cca44273e0de791e0bbceb0806eaadc71ca"}},
  1}]}.
[
{pkg_hash,[
 {<<"bear">>, <<"16264309AE5D005D03718A5C82641FCC259C9E8F09ADEB6FD79CA4271168656F">>},
 {<<"folsom">>, <<"9A2B02010F6727CB1948EF34E21CB66F3554B63355C3A31E8BCB10FB172C3170">>},
 {<<"getopt">>, <<"B17556DB683000BA50370B16C0619DF1337E7AF7ECBF7D64FBF8D1D6BCE3109B">>},
 {<<"jsx">>, <<"08154624050333919B4AC1B789667D5F4DB166DC50E190C4D778D1587F102EE0">>}]}
].
