{"1.1.0",
[{<<"bear">>,{pkg,<<"bear">>,<<"0.8.7">>},1},
 {<<"folsom">>,{pkg,<<"folsom">>,<<"0.8.8">>},0},
 {<<"getopt">>,{pkg,<<"getopt">>,<<"0.8.2">>},0},
 {<<"jsx">>,{pkg,<<"jsx">>,<<"2.11.0">>},0},
 {<<"pipesock">>,
  {git,"https://github.com/ergl/pipesock.git",
       {ref,"98892db8916ae107139e3a65935fd0c8e2493a60"}},
  1},
 {<<"pvc">>,
  {git,"https://github.com/ergl/pvc.git",
       {ref,"446d7f196fd9f4c9230921287dc3a3c4be784793"}},
  0},
 {<<"pvc_proto">>,
  {git,"https://github.com/ergl/pvc_proto.git",
       {ref,"eff6f2fb1c423be5ebf36db5fb24be90ba1d818f"}},
  0},
 {<<"pvc_types">>,
  {git,"https://github.com/ergl/pvc_types.git",
       {ref,"f9f34cca44273e0de791e0bbceb0806eaadc71ca"}},
  1}]}.
[
{pkg_hash,[
 {<<"bear">>, <<"16264309AE5D005D03718A5C82641FCC259C9E8F09ADEB6FD79CA4271168656F">>},
 {<<"folsom">>, <<"9A2B02010F6727CB1948EF34E21CB66F3554B63355C3A31E8BCB10FB172C3170">>},
 {<<"getopt">>, <<"B17556DB683000BA50370B16C0619DF1337E7AF7ECBF7D64FBF8D1D6BCE3109B">>},
 {<<"jsx">>, <<"08154624050333919B4AC1B789667D5F4DB166DC50E190C4D778D1587F102EE0">>}]}
].
