{"1.2.0",
[{<<"bear">>,{pkg,<<"bear">>,<<"0.8.7">>},1},
 {<<"foil">>,{pkg,<<"foil">>,<<"0.1.1">>},2},
 {<<"folsom">>,{pkg,<<"folsom">>,<<"0.8.8">>},0},
 {<<"getopt">>,{pkg,<<"getopt">>,<<"0.8.2">>},0},
 {<<"metal">>,{pkg,<<"metal">>,<<"0.1.1">>},2},
 {<<"pipesock">>,
  {git,"https://github.com/ergl/pipesock.git",
       {ref,"0bde8134bf0152dca714b4de1f248c9dc73a1d34"}},
  1},
 {<<"pvc">>,
  {git,"https://github.com/ergl/pvc.git",
       {ref,"da618ce1edb96bf6014ea102ea81d7a962ff963f"}},
  0},
 {<<"pvc_proto">>,
  {git,"https://github.com/ergl/pvc_proto.git",
       {ref,"2d9c1814207e8a39384a4f11b75d40188eeb556f"}},
  0},
 {<<"pvc_types">>,
  {git,"https://github.com/ergl/pvc_types.git",
       {ref,"aa9d0b461d3cbb93564eec194783bf45eabbd02a"}},
  0},
 {<<"quickrand">>,
  {git,"https://github.com/okeuday/quickrand.git",
       {ref,"b189accc1686a95b0ff1478521b21a65e372a614"}},
  2},
 {<<"shackle">>,
  {git,"https://github.com/ergl/shackle.git",
       {ref,"1ededcdc4a0f1447b7f98afda4dda91cc33f158b"}},
  1}]}.
[
{pkg_hash,[
 {<<"bear">>, <<"16264309AE5D005D03718A5C82641FCC259C9E8F09ADEB6FD79CA4271168656F">>},
 {<<"foil">>, <<"4D07B62C114636BBC3EEBD5CEE04B23A7AAB1262B0F68AA79005A6FBC3790472">>},
 {<<"folsom">>, <<"9A2B02010F6727CB1948EF34E21CB66F3554B63355C3A31E8BCB10FB172C3170">>},
 {<<"getopt">>, <<"B17556DB683000BA50370B16C0619DF1337E7AF7ECBF7D64FBF8D1D6BCE3109B">>},
 {<<"metal">>, <<"5D3D1322DA7BCD34B94FED5486F577973685298883954F7A3E517EF5EF6953F5">>}]},
{pkg_hash_ext,[
 {<<"bear">>, <<"534217DCE6A719D59E54FB0EB7A367900DBFC5F85757E8C1F94269DF383F6D9B">>},
 {<<"foil">>, <<"CD5F4B6D518168E97D0F8A5D79EEE4D3625EEF1ED33790BA037ACCAD22C7F455">>},
 {<<"folsom">>, <<"22DACCB25764AC71C7C7C29964D7F9D4BB2C70858E0FD7816C2F630BACA8F5C9">>},
 {<<"getopt">>, <<"736E6DB3679FBBAD46373EFB96B69509F8E420281635E9D92989AF9F0A0483F7">>},
 {<<"metal">>, <<"88B82B634998A1A768DEDCD372C2F7E657B19445325C0AF5CCBAC62C77210F1D">>}]}
].
